{
  "name": "@tentacularideas/weather",
  "version": "1.0.0",
  "lockfileVersion": 3,
  "requires": true,
  "packages": {
    "": {
      "name": "@tentacularideas/weather",
      "version": "1.0.0",
      "license": "MIT",
      "dependencies": {
        "ical.js": "^1.5.0"
      },
      "devDependencies": {}
    },
    "node_modules/ical.js": {
      "version": "1.5.0",
      "resolved": "https://registry.npmjs.org/ical.js/-/ical.js-1.5.0.tgz",
      "integrity": "sha512-7ZxMkogUkkaCx810yp0ZGKvq1ZpRgJeornPttpoxe6nYZ3NLesZe1wWMXDdwTkj/b5NtXT+Y16Aakph/ao98ZQ=="
    }
  }
}
